
Microsoft Visual Studio Solution File, Format Version 12.00
# Visual Studio 15
VisualStudioVersion = 15.0.27004.2002
MinimumVisualStudioVersion = 10.0.40219.1
Project("{FAE04EC0-301F-11D3-BF4B-00C04F79EFBC}") = "01.PitcureBox", "01.PitcureBox\01.PitcureBox.csproj", "{92F3A260-C455-415B-B898-F2EA002688F0}"
EndProject
Project("{FAE04EC0-301F-11D3-BF4B-00C04F79EFBC}") = "02.Picture和Timer的联系", "02.Picture和Timer的联系\02.Picture和Timer的联系.csproj", "{A40BDF22-819F-4667-8D99-C5CCD045B855}"
EndProject
Global
	GlobalSection(SolutionConfigurationPlatforms) = preSolution
		Debug|Any CPU = Debug|Any CPU
		Release|Any CPU = Release|Any CPU
	EndGlobalSection
	GlobalSection(ProjectConfigurationPlatforms) = postSolution
		{92F3A260-C455-415B-B898-F2EA002688F0}.Debug|Any CPU.ActiveCfg = Debug|Any CPU
		{92F3A260-C455-415B-B898-F2EA002688F0}.Debug|Any CPU.Build.0 = Debug|Any CPU
		{92F3A260-C455-415B-B898-F2EA002688F0}.Release|Any CPU.ActiveCfg = Release|Any CPU
		{92F3A260-C455-415B-B898-F2EA002688F0}.Release|Any CPU.Build.0 = Release|Any CPU
		{A40BDF22-819F-4667-8D99-C5CCD045B855}.Debug|Any CPU.ActiveCfg = Debug|Any CPU
		{A40BDF22-819F-4667-8D99-C5CCD045B855}.Debug|Any CPU.Build.0 = Debug|Any CPU
		{A40BDF22-819F-4667-8D99-C5CCD045B855}.Release|Any CPU.ActiveCfg = Release|Any CPU
		{A40BDF22-819F-4667-8D99-C5CCD045B855}.Release|Any CPU.Build.0 = Release|Any CPU
	EndGlobalSection
	GlobalSection(SolutionProperties) = preSolution
		HideSolutionNode = FALSE
	EndGlobalSection
	GlobalSection(ExtensibilityGlobals) = postSolution
		SolutionGuid = {E9015C8B-BB9D-45AB-AF66-05D1F3EB4F19}
		VisualSVNWorkingCopyRoot = .
	EndGlobalSection
EndGlobal
